
Microsoft Visual Studio Solution File, Format Version 12.00
# Visual Studio Version 16
VisualStudioVersion = 16.0.36631.11
MinimumVisualStudioVersion = 10.0.40219.1
Project("{FAE04EC0-301F-11D3-BF4B-00C04F79EFBC}") = "vs-2019-github-user-experience", "vs-2019-github-user-experience\vs-2019-github-user-experience.csproj", "{6C683E5E-E477-4D50-BE2E-BD7CCAC7CD81}"
EndProject
Global
	GlobalSection(SolutionConfigurationPlatforms) = preSolution
		Debug|Any CPU = Debug|Any CPU
		Release|Any CPU = Release|Any CPU
	EndGlobalSection
	GlobalSection(ProjectConfigurationPlatforms) = postSolution
		{6C683E5E-E477-4D50-BE2E-BD7CCAC7CD81}.Debug|Any CPU.ActiveCfg = Debug|Any CPU
		{6C683E5E-E477-4D50-BE2E-BD7CCAC7CD81}.Debug|Any CPU.Build.0 = Debug|Any CPU
		{6C683E5E-E477-4D50-BE2E-BD7CCAC7CD81}.Release|Any CPU.ActiveCfg = Release|Any CPU
		{6C683E5E-E477-4D50-BE2E-BD7CCAC7CD81}.Release|Any CPU.Build.0 = Release|Any CPU
	EndGlobalSection
	GlobalSection(SolutionProperties) = preSolution
		HideSolutionNode = FALSE
	EndGlobalSection
	GlobalSection(ExtensibilityGlobals) = postSolution
		SolutionGuid = {47D2B572-F886-4A14-85B9-95BDCB74D094}
	EndGlobalSection
EndGlobal
